
Microsoft Visual Studio Solution File, Format Version 12.00
# Visual Studio 15
VisualStudioVersion = 15.0.28307.1321
MinimumVisualStudioVersion = 10.0.40219.1
Project("{FAE04EC0-301F-11D3-BF4B-00C04F79EFBC}") = "Bai_32", "Bai_32\Bai_32.csproj", "{DA0D2554-9E33-4479-ACCC-5E48B5FF54C1}"
EndProject
Global
	GlobalSection(SolutionConfigurationPlatforms) = preSolution
		Debug|Any CPU = Debug|Any CPU
		Release|Any CPU = Release|Any CPU
	EndGlobalSection
	GlobalSection(ProjectConfigurationPlatforms) = postSolution
		{DA0D2554-9E33-4479-ACCC-5E48B5FF54C1}.Debug|Any CPU.ActiveCfg = Debug|Any CPU
		{DA0D2554-9E33-4479-ACCC-5E48B5FF54C1}.Debug|Any CPU.Build.0 = Debug|Any CPU
		{DA0D2554-9E33-4479-ACCC-5E48B5FF54C1}.Release|Any CPU.ActiveCfg = Release|Any CPU
		{DA0D2554-9E33-4479-ACCC-5E48B5FF54C1}.Release|Any CPU.Build.0 = Release|Any CPU
	EndGlobalSection
	GlobalSection(SolutionProperties) = preSolution
		HideSolutionNode = FALSE
	EndGlobalSection
	GlobalSection(ExtensibilityGlobals) = postSolution
		SolutionGuid = {AEA3DAB0-1FCF-4AA3-B5AA-FCF45587A97B}
	EndGlobalSection
EndGlobal
