
Microsoft Visual Studio Solution File, Format Version 12.00
# Visual Studio 15
VisualStudioVersion = 15.0.28307.1321
MinimumVisualStudioVersion = 10.0.40219.1
Project("{FAE04EC0-301F-11D3-BF4B-00C04F79EFBC}") = "Bai_26", "Bai_26\Bai_26.csproj", "{B7638256-BE19-4580-ABD5-EB4980177A45}"
EndProject
Global
	GlobalSection(SolutionConfigurationPlatforms) = preSolution
		Debug|Any CPU = Debug|Any CPU
		Release|Any CPU = Release|Any CPU
	EndGlobalSection
	GlobalSection(ProjectConfigurationPlatforms) = postSolution
		{B7638256-BE19-4580-ABD5-EB4980177A45}.Debug|Any CPU.ActiveCfg = Debug|Any CPU
		{B7638256-BE19-4580-ABD5-EB4980177A45}.Debug|Any CPU.Build.0 = Debug|Any CPU
		{B7638256-BE19-4580-ABD5-EB4980177A45}.Release|Any CPU.ActiveCfg = Release|Any CPU
		{B7638256-BE19-4580-ABD5-EB4980177A45}.Release|Any CPU.Build.0 = Release|Any CPU
	EndGlobalSection
	GlobalSection(SolutionProperties) = preSolution
		HideSolutionNode = FALSE
	EndGlobalSection
	GlobalSection(ExtensibilityGlobals) = postSolution
		SolutionGuid = {8CF6EB8E-5477-4D61-AA11-BD107BD72691}
	EndGlobalSection
EndGlobal
