
Microsoft Visual Studio Solution File, Format Version 12.00
# Visual Studio 15
VisualStudioVersion = 15.0.28307.1321
MinimumVisualStudioVersion = 10.0.40219.1
Project("{FAE04EC0-301F-11D3-BF4B-00C04F79EFBC}") = "Bai_34", "Bai_34\Bai_34.csproj", "{A75E6D68-EE95-47CA-B74B-276A3A8E744E}"
EndProject
Global
	GlobalSection(SolutionConfigurationPlatforms) = preSolution
		Debug|Any CPU = Debug|Any CPU
		Release|Any CPU = Release|Any CPU
	EndGlobalSection
	GlobalSection(ProjectConfigurationPlatforms) = postSolution
		{A75E6D68-EE95-47CA-B74B-276A3A8E744E}.Debug|Any CPU.ActiveCfg = Debug|Any CPU
		{A75E6D68-EE95-47CA-B74B-276A3A8E744E}.Debug|Any CPU.Build.0 = Debug|Any CPU
		{A75E6D68-EE95-47CA-B74B-276A3A8E744E}.Release|Any CPU.ActiveCfg = Release|Any CPU
		{A75E6D68-EE95-47CA-B74B-276A3A8E744E}.Release|Any CPU.Build.0 = Release|Any CPU
	EndGlobalSection
	GlobalSection(SolutionProperties) = preSolution
		HideSolutionNode = FALSE
	EndGlobalSection
	GlobalSection(ExtensibilityGlobals) = postSolution
		SolutionGuid = {4C717971-6F92-4367-9942-98F9BF51AEC4}
	EndGlobalSection
EndGlobal
