
Microsoft Visual Studio Solution File, Format Version 12.00
# Visual Studio 15
VisualStudioVersion = 15.0.28307.1321
MinimumVisualStudioVersion = 10.0.40219.1
Project("{FAE04EC0-301F-11D3-BF4B-00C04F79EFBC}") = "Bai_38", "Bai_38\Bai_38.csproj", "{8BC00DD8-1ECD-4278-96F4-174E1AA24651}"
EndProject
Global
	GlobalSection(SolutionConfigurationPlatforms) = preSolution
		Debug|Any CPU = Debug|Any CPU
		Release|Any CPU = Release|Any CPU
	EndGlobalSection
	GlobalSection(ProjectConfigurationPlatforms) = postSolution
		{8BC00DD8-1ECD-4278-96F4-174E1AA24651}.Debug|Any CPU.ActiveCfg = Debug|Any CPU
		{8BC00DD8-1ECD-4278-96F4-174E1AA24651}.Debug|Any CPU.Build.0 = Debug|Any CPU
		{8BC00DD8-1ECD-4278-96F4-174E1AA24651}.Release|Any CPU.ActiveCfg = Release|Any CPU
		{8BC00DD8-1ECD-4278-96F4-174E1AA24651}.Release|Any CPU.Build.0 = Release|Any CPU
	EndGlobalSection
	GlobalSection(SolutionProperties) = preSolution
		HideSolutionNode = FALSE
	EndGlobalSection
	GlobalSection(ExtensibilityGlobals) = postSolution
		SolutionGuid = {D347B0C2-2040-4F95-8D41-60A66E007051}
	EndGlobalSection
EndGlobal
