
Microsoft Visual Studio Solution File, Format Version 12.00
# Visual Studio 15
VisualStudioVersion = 15.0.28307.1321
MinimumVisualStudioVersion = 10.0.40219.1
Project("{FAE04EC0-301F-11D3-BF4B-00C04F79EFBC}") = "Bai_31", "Bai_31\Bai_31.csproj", "{5EF24B57-050F-4287-A3A5-359D1ECD058E}"
EndProject
Global
	GlobalSection(SolutionConfigurationPlatforms) = preSolution
		Debug|Any CPU = Debug|Any CPU
		Release|Any CPU = Release|Any CPU
	EndGlobalSection
	GlobalSection(ProjectConfigurationPlatforms) = postSolution
		{5EF24B57-050F-4287-A3A5-359D1ECD058E}.Debug|Any CPU.ActiveCfg = Debug|Any CPU
		{5EF24B57-050F-4287-A3A5-359D1ECD058E}.Debug|Any CPU.Build.0 = Debug|Any CPU
		{5EF24B57-050F-4287-A3A5-359D1ECD058E}.Release|Any CPU.ActiveCfg = Release|Any CPU
		{5EF24B57-050F-4287-A3A5-359D1ECD058E}.Release|Any CPU.Build.0 = Release|Any CPU
	EndGlobalSection
	GlobalSection(SolutionProperties) = preSolution
		HideSolutionNode = FALSE
	EndGlobalSection
	GlobalSection(ExtensibilityGlobals) = postSolution
		SolutionGuid = {02AFBD52-EDA2-434C-9A4A-4972C128197C}
	EndGlobalSection
EndGlobal
