
Microsoft Visual Studio Solution File, Format Version 12.00
# Visual Studio 15
VisualStudioVersion = 15.0.28307.1321
MinimumVisualStudioVersion = 10.0.40219.1
Project("{FAE04EC0-301F-11D3-BF4B-00C04F79EFBC}") = "Bai_33", "Bai_33\Bai_33.csproj", "{9955A1C0-FD7B-4B9E-9EFA-3C8635E999DD}"
EndProject
Global
	GlobalSection(SolutionConfigurationPlatforms) = preSolution
		Debug|Any CPU = Debug|Any CPU
		Release|Any CPU = Release|Any CPU
	EndGlobalSection
	GlobalSection(ProjectConfigurationPlatforms) = postSolution
		{9955A1C0-FD7B-4B9E-9EFA-3C8635E999DD}.Debug|Any CPU.ActiveCfg = Debug|Any CPU
		{9955A1C0-FD7B-4B9E-9EFA-3C8635E999DD}.Debug|Any CPU.Build.0 = Debug|Any CPU
		{9955A1C0-FD7B-4B9E-9EFA-3C8635E999DD}.Release|Any CPU.ActiveCfg = Release|Any CPU
		{9955A1C0-FD7B-4B9E-9EFA-3C8635E999DD}.Release|Any CPU.Build.0 = Release|Any CPU
	EndGlobalSection
	GlobalSection(SolutionProperties) = preSolution
		HideSolutionNode = FALSE
	EndGlobalSection
	GlobalSection(ExtensibilityGlobals) = postSolution
		SolutionGuid = {6F98F05C-7CFD-4BBA-93AC-56BC0DC593FB}
	EndGlobalSection
EndGlobal
