
Microsoft Visual Studio Solution File, Format Version 12.00
# Visual Studio 15
VisualStudioVersion = 15.0.28307.1321
MinimumVisualStudioVersion = 10.0.40219.1
Project("{FAE04EC0-301F-11D3-BF4B-00C04F79EFBC}") = "Bai_04", "Bai_04\Bai_04.csproj", "{38251F81-2E54-4C3F-A398-BE0218FD2DBE}"
EndProject
Global
	GlobalSection(SolutionConfigurationPlatforms) = preSolution
		Debug|Any CPU = Debug|Any CPU
		Release|Any CPU = Release|Any CPU
	EndGlobalSection
	GlobalSection(ProjectConfigurationPlatforms) = postSolution
		{38251F81-2E54-4C3F-A398-BE0218FD2DBE}.Debug|Any CPU.ActiveCfg = Debug|Any CPU
		{38251F81-2E54-4C3F-A398-BE0218FD2DBE}.Debug|Any CPU.Build.0 = Debug|Any CPU
		{38251F81-2E54-4C3F-A398-BE0218FD2DBE}.Release|Any CPU.ActiveCfg = Release|Any CPU
		{38251F81-2E54-4C3F-A398-BE0218FD2DBE}.Release|Any CPU.Build.0 = Release|Any CPU
	EndGlobalSection
	GlobalSection(SolutionProperties) = preSolution
		HideSolutionNode = FALSE
	EndGlobalSection
	GlobalSection(ExtensibilityGlobals) = postSolution
		SolutionGuid = {B722F3D9-0018-43A9-AF58-A4F6B7BB0D03}
	EndGlobalSection
EndGlobal
