
Microsoft Visual Studio Solution File, Format Version 12.00
# Visual Studio 15
VisualStudioVersion = 15.0.28307.1321
MinimumVisualStudioVersion = 10.0.40219.1
Project("{FAE04EC0-301F-11D3-BF4B-00C04F79EFBC}") = "Bai_27", "Bai_27\Bai_27.csproj", "{D217D7A0-0376-48A4-AD2E-86147104C8B6}"
EndProject
Global
	GlobalSection(SolutionConfigurationPlatforms) = preSolution
		Debug|Any CPU = Debug|Any CPU
		Release|Any CPU = Release|Any CPU
	EndGlobalSection
	GlobalSection(ProjectConfigurationPlatforms) = postSolution
		{D217D7A0-0376-48A4-AD2E-86147104C8B6}.Debug|Any CPU.ActiveCfg = Debug|Any CPU
		{D217D7A0-0376-48A4-AD2E-86147104C8B6}.Debug|Any CPU.Build.0 = Debug|Any CPU
		{D217D7A0-0376-48A4-AD2E-86147104C8B6}.Release|Any CPU.ActiveCfg = Release|Any CPU
		{D217D7A0-0376-48A4-AD2E-86147104C8B6}.Release|Any CPU.Build.0 = Release|Any CPU
	EndGlobalSection
	GlobalSection(SolutionProperties) = preSolution
		HideSolutionNode = FALSE
	EndGlobalSection
	GlobalSection(ExtensibilityGlobals) = postSolution
		SolutionGuid = {C2541E03-4EB7-4968-9396-F63172633D59}
	EndGlobalSection
EndGlobal
