
Microsoft Visual Studio Solution File, Format Version 12.00
# Visual Studio 15
VisualStudioVersion = 15.0.28307.1321
MinimumVisualStudioVersion = 10.0.40219.1
Project("{FAE04EC0-301F-11D3-BF4B-00C04F79EFBC}") = "Bai_05", "Bai_05\Bai_05.csproj", "{EC38BAFB-0ACC-4A2D-810A-77FD3AC43850}"
EndProject
Global
	GlobalSection(SolutionConfigurationPlatforms) = preSolution
		Debug|Any CPU = Debug|Any CPU
		Release|Any CPU = Release|Any CPU
	EndGlobalSection
	GlobalSection(ProjectConfigurationPlatforms) = postSolution
		{EC38BAFB-0ACC-4A2D-810A-77FD3AC43850}.Debug|Any CPU.ActiveCfg = Debug|Any CPU
		{EC38BAFB-0ACC-4A2D-810A-77FD3AC43850}.Debug|Any CPU.Build.0 = Debug|Any CPU
		{EC38BAFB-0ACC-4A2D-810A-77FD3AC43850}.Release|Any CPU.ActiveCfg = Release|Any CPU
		{EC38BAFB-0ACC-4A2D-810A-77FD3AC43850}.Release|Any CPU.Build.0 = Release|Any CPU
	EndGlobalSection
	GlobalSection(SolutionProperties) = preSolution
		HideSolutionNode = FALSE
	EndGlobalSection
	GlobalSection(ExtensibilityGlobals) = postSolution
		SolutionGuid = {9A6E1B71-FFD4-4E74-AF1A-4236AEECC855}
	EndGlobalSection
EndGlobal
