
Microsoft Visual Studio Solution File, Format Version 12.00
# Visual Studio 15
VisualStudioVersion = 15.0.28307.1321
MinimumVisualStudioVersion = 10.0.40219.1
Project("{FAE04EC0-301F-11D3-BF4B-00C04F79EFBC}") = "Bai_11", "Bai_11\Bai_11.csproj", "{4AD47A2D-43CF-49B4-9B99-F8A01AE86682}"
EndProject
Global
	GlobalSection(SolutionConfigurationPlatforms) = preSolution
		Debug|Any CPU = Debug|Any CPU
		Release|Any CPU = Release|Any CPU
	EndGlobalSection
	GlobalSection(ProjectConfigurationPlatforms) = postSolution
		{4AD47A2D-43CF-49B4-9B99-F8A01AE86682}.Debug|Any CPU.ActiveCfg = Debug|Any CPU
		{4AD47A2D-43CF-49B4-9B99-F8A01AE86682}.Debug|Any CPU.Build.0 = Debug|Any CPU
		{4AD47A2D-43CF-49B4-9B99-F8A01AE86682}.Release|Any CPU.ActiveCfg = Release|Any CPU
		{4AD47A2D-43CF-49B4-9B99-F8A01AE86682}.Release|Any CPU.Build.0 = Release|Any CPU
	EndGlobalSection
	GlobalSection(SolutionProperties) = preSolution
		HideSolutionNode = FALSE
	EndGlobalSection
	GlobalSection(ExtensibilityGlobals) = postSolution
		SolutionGuid = {4FD41CC8-B653-43BE-A4CE-649E9A913292}
	EndGlobalSection
EndGlobal
