
Microsoft Visual Studio Solution File, Format Version 12.00
# Visual Studio 15
VisualStudioVersion = 15.0.28307.1321
MinimumVisualStudioVersion = 10.0.40219.1
Project("{FAE04EC0-301F-11D3-BF4B-00C04F79EFBC}") = "Bai_12", "Bai_12\Bai_12.csproj", "{25506820-666D-4C5F-BB6E-B939AD00A010}"
EndProject
Global
	GlobalSection(SolutionConfigurationPlatforms) = preSolution
		Debug|Any CPU = Debug|Any CPU
		Release|Any CPU = Release|Any CPU
	EndGlobalSection
	GlobalSection(ProjectConfigurationPlatforms) = postSolution
		{25506820-666D-4C5F-BB6E-B939AD00A010}.Debug|Any CPU.ActiveCfg = Debug|Any CPU
		{25506820-666D-4C5F-BB6E-B939AD00A010}.Debug|Any CPU.Build.0 = Debug|Any CPU
		{25506820-666D-4C5F-BB6E-B939AD00A010}.Release|Any CPU.ActiveCfg = Release|Any CPU
		{25506820-666D-4C5F-BB6E-B939AD00A010}.Release|Any CPU.Build.0 = Release|Any CPU
	EndGlobalSection
	GlobalSection(SolutionProperties) = preSolution
		HideSolutionNode = FALSE
	EndGlobalSection
	GlobalSection(ExtensibilityGlobals) = postSolution
		SolutionGuid = {017C76F5-A5CD-4FB0-8B24-0FFF62A77144}
	EndGlobalSection
EndGlobal
